// !$*UTF8*$!
{
	archiveVersion = 1;
	classes = {
	};
	objectVersion = 77;
	objects = {

/* Begin PBXBuildFile section */
		435B18CB2DE30A2600F3E0E6 /* FirebaseStorage in Frameworks */ = {isa = PBXBuildFile; productRef = 435B18CA2DE30A2600F3E0E6 /* FirebaseStorage */; };
		43BDCD282DB24F18004FD0C1 /* FirebaseAuth in Frameworks */ = {isa = PBXBuildFile; productRef = 43BDCD272DB24F18004FD0C1 /* FirebaseAuth */; };
		43BDCD2A2DB24F18004FD0C1 /* FirebaseCore in Frameworks */ = {isa = PBXBuildFile; productRef = 43BDCD292DB24F18004FD0C1 /* FirebaseCore */; };
		43BDCD2C2DB24F18004FD0C1 /* FirebaseFirestore in Frameworks */ = {isa = PBXBuildFile; productRef = 43BDCD2B2DB24F18004FD0C1 /* FirebaseFirestore */; };
/* End PBXBuildFile section */

/* Begin PBXContainerItemProxy section */
		4368E2EB2E0FD97F00D414BD /* PBXContainerItemProxy */ = {
			isa = PBXContainerItemProxy;
			containerPortal = 43BDCD092DB24755004FD0C1 /* Project object */;
			proxyType = 1;
			remoteGlobalIDString = 43BDCD102DB24755004FD0C1;
			remoteInfo = Eventorias;
		};
		438054252DB287C200BECB9D /* PBXContainerItemProxy */ = {
			isa = PBXContainerItemProxy;
			containerPortal = 43BDCD092DB24755004FD0C1 /* Project object */;
			proxyType = 1;
			remoteGlobalIDString = 43BDCD102DB24755004FD0C1;
			remoteInfo = Eventorias;
		};
/* End PBXContainerItemProxy section */

/* Begin PBXFileReference section */
		4368E2E52E0FD97F00D414BD /* EventoriasUITests.xctest */ = {isa = PBXFileReference; explicitFileType = wrapper.cfbundle; includeInIndex = 0; path = EventoriasUITests.xctest; sourceTree = BUILT_PRODUCTS_DIR; };
		438054212DB287C200BECB9D /* EventoriasTests.xctest */ = {isa = PBXFileReference; explicitFileType = wrapper.cfbundle; includeInIndex = 0; path = EventoriasTests.xctest; sourceTree = BUILT_PRODUCTS_DIR; };
		43A6ACE12DB806B700B18B89 /* Eventorias.xctestplan */ = {isa = PBXFileReference; lastKnownFileType = text; name = Eventorias.xctestplan; path = EventoriasTests/Eventorias.xctestplan; sourceTree = "<group>"; };
		43BDCD112DB24755004FD0C1 /* Eventorias.app */ = {isa = PBXFileReference; explicitFileType = wrapper.application; includeInIndex = 0; path = Eventorias.app; sourceTree = BUILT_PRODUCTS_DIR; };
/* End PBXFileReference section */

/* Begin PBXFileSystemSynchronizedBuildFileExceptionSet section */
		430A72EB2DBA9E2D00256307 /* Exceptions for "Eventorias" folder in "Eventorias" target */ = {
			isa = PBXFileSystemSynchronizedBuildFileExceptionSet;
			membershipExceptions = (
				Info.plist,
			);
			target = 43BDCD102DB24755004FD0C1 /* Eventorias */;
		};
		4368E2F32E0FDD9900D414BD /* Exceptions for "Eventorias" folder in "EventoriasUITests" target */ = {
			isa = PBXFileSystemSynchronizedBuildFileExceptionSet;
			membershipExceptions = (
				"Preview Content/AppFlags.swift",
			);
			target = 4368E2E42E0FD97F00D414BD /* EventoriasUITests */;
		};
/* End PBXFileSystemSynchronizedBuildFileExceptionSet section */

/* Begin PBXFileSystemSynchronizedRootGroup section */
		4368E2E62E0FD97F00D414BD /* EventoriasUITests */ = {
			isa = PBXFileSystemSynchronizedRootGroup;
			path = EventoriasUITests;
			sourceTree = "<group>";
		};
		438054222DB287C200BECB9D /* EventoriasTests */ = {
			isa = PBXFileSystemSynchronizedRootGroup;
			path = EventoriasTests;
			sourceTree = "<group>";
		};
		43BDCD132DB24755004FD0C1 /* Eventorias */ = {
			isa = PBXFileSystemSynchronizedRootGroup;
			exceptions = (
				430A72EB2DBA9E2D00256307 /* Exceptions for "Eventorias" folder in "Eventorias" target */,
				4368E2F32E0FDD9900D414BD /* Exceptions for "Eventorias" folder in "EventoriasUITests" target */,
			);
			path = Eventorias;
			sourceTree = "<group>";
		};
/* End PBXFileSystemSynchronizedRootGroup section */

/* Begin PBXFrameworksBuildPhase section */
		4368E2E22E0FD97F00D414BD /* Frameworks */ = {
			isa = PBXFrameworksBuildPhase;
			buildActionMask = 2147483647;
			files = (
			);
			runOnlyForDeploymentPostprocessing = 0;
		};
		4380541E2DB287C200BECB9D /* Frameworks */ = {
			isa = PBXFrameworksBuildPhase;
			buildActionMask = 2147483647;
			files = (
			);
			runOnlyForDeploymentPostprocessing = 0;
		};
		43BDCD0E2DB24755004FD0C1 /* Frameworks */ = {
			isa = PBXFrameworksBuildPhase;
			buildActionMask = 2147483647;
			files = (
				43BDCD2A2DB24F18004FD0C1 /* FirebaseCore in Frameworks */,
				435B18CB2DE30A2600F3E0E6 /* FirebaseStorage in Frameworks */,
				43BDCD282DB24F18004FD0C1 /* FirebaseAuth in Frameworks */,
				43BDCD2C2DB24F18004FD0C1 /* FirebaseFirestore in Frameworks */,
			);
			runOnlyForDeploymentPostprocessing = 0;
		};
/* End PBXFrameworksBuildPhase section */

/* Begin PBXGroup section */
		43BDCD082DB24755004FD0C1 = {
			isa = PBXGroup;
			children = (
				43A6ACE12DB806B700B18B89 /* Eventorias.xctestplan */,
				43BDCD132DB24755004FD0C1 /* Eventorias */,
				438054222DB287C200BECB9D /* EventoriasTests */,
				4368E2E62E0FD97F00D414BD /* EventoriasUITests */,
				43BDCD262DB24F18004FD0C1 /* Frameworks */,
				43BDCD122DB24755004FD0C1 /* Products */,
			);
			sourceTree = "<group>";
		};
		43BDCD122DB24755004FD0C1 /* Products */ = {
			isa = PBXGroup;
			children = (
				43BDCD112DB24755004FD0C1 /* Eventorias.app */,
				438054212DB287C200BECB9D /* EventoriasTests.xctest */,
				4368E2E52E0FD97F00D414BD /* EventoriasUITests.xctest */,
			);
			name = Products;
			sourceTree = "<group>";
		};
		43BDCD262DB24F18004FD0C1 /* Frameworks */ = {
			isa = PBXGroup;
			children = (
			);
			name = Frameworks;
			sourceTree = "<group>";
		};
/* End PBXGroup section */

/* Begin PBXNativeTarget section */
		4368E2E42E0FD97F00D414BD /* EventoriasUITests */ = {
			isa = PBXNativeTarget;
			buildConfigurationList = 4368E2EF2E0FD97F00D414BD /* Build configuration list for PBXNativeTarget "EventoriasUITests" */;
			buildPhases = (
				4368E2E12E0FD97F00D414BD /* Sources */,
				4368E2E22E0FD97F00D414BD /* Frameworks */,
				4368E2E32E0FD97F00D414BD /* Resources */,
			);
			buildRules = (
			);
			dependencies = (
				4368E2EC2E0FD97F00D414BD /* PBXTargetDependency */,
			);
			fileSystemSynchronizedGroups = (
				4368E2E62E0FD97F00D414BD /* EventoriasUITests */,
			);
			name = EventoriasUITests;
			packageProductDependencies = (
			);
			productName = EventoriasUITests;
			productReference = 4368E2E52E0FD97F00D414BD /* EventoriasUITests.xctest */;
			productType = "com.apple.product-type.bundle.ui-testing";
		};
		438054202DB287C200BECB9D /* EventoriasTests */ = {
			isa = PBXNativeTarget;
			buildConfigurationList = 438054292DB287C200BECB9D /* Build configuration list for PBXNativeTarget "EventoriasTests" */;
			buildPhases = (
				4380541D2DB287C200BECB9D /* Sources */,
				4380541E2DB287C200BECB9D /* Frameworks */,
				4380541F2DB287C200BECB9D /* Resources */,
			);
			buildRules = (
			);
			dependencies = (
				438054262DB287C200BECB9D /* PBXTargetDependency */,
			);
			fileSystemSynchronizedGroups = (
				438054222DB287C200BECB9D /* EventoriasTests */,
			);
			name = EventoriasTests;
			packageProductDependencies = (
			);
			productName = EventoriasTests;
			productReference = 438054212DB287C200BECB9D /* EventoriasTests.xctest */;
			productType = "com.apple.product-type.bundle.unit-test";
		};
		43BDCD102DB24755004FD0C1 /* Eventorias */ = {
			isa = PBXNativeTarget;
			buildConfigurationList = 43BDCD1C2DB24756004FD0C1 /* Build configuration list for PBXNativeTarget "Eventorias" */;
			buildPhases = (
				43BDCD0D2DB24755004FD0C1 /* Sources */,
				43BDCD0E2DB24755004FD0C1 /* Frameworks */,
				43BDCD0F2DB24755004FD0C1 /* Resources */,
			);
			buildRules = (
			);
			dependencies = (
			);
			fileSystemSynchronizedGroups = (
				43BDCD132DB24755004FD0C1 /* Eventorias */,
			);
			name = Eventorias;
			packageProductDependencies = (
				43BDCD272DB24F18004FD0C1 /* FirebaseAuth */,
				43BDCD292DB24F18004FD0C1 /* FirebaseCore */,
				43BDCD2B2DB24F18004FD0C1 /* FirebaseFirestore */,
				435B18CA2DE30A2600F3E0E6 /* FirebaseStorage */,
			);
			productName = Eventorias;
			productReference = 43BDCD112DB24755004FD0C1 /* Eventorias.app */;
			productType = "com.apple.product-type.application";
		};
/* End PBXNativeTarget section */

/* Begin PBXProject section */
		43BDCD092DB24755004FD0C1 /* Project object */ = {
			isa = PBXProject;
			attributes = {
				BuildIndependentTargetsInParallel = 1;
				LastSwiftUpdateCheck = 1640;
				LastUpgradeCheck = 1630;
				TargetAttributes = {
					4368E2E42E0FD97F00D414BD = {
						CreatedOnToolsVersion = 16.4;
						TestTargetID = 43BDCD102DB24755004FD0C1;
					};
					438054202DB287C200BECB9D = {
						CreatedOnToolsVersion = 16.3;
						TestTargetID = 43BDCD102DB24755004FD0C1;
					};
					43BDCD102DB24755004FD0C1 = {
						CreatedOnToolsVersion = 16.3;
					};
				};
			};
			buildConfigurationList = 43BDCD0C2DB24755004FD0C1 /* Build configuration list for PBXProject "Eventorias" */;
			developmentRegion = en;
			hasScannedForEncodings = 0;
			knownRegions = (
				en,
				Base,
			);
			mainGroup = 43BDCD082DB24755004FD0C1;
			minimizedProjectReferenceProxies = 1;
			packageReferences = (
				43BDCD232DB24E29004FD0C1 /* XCRemoteSwiftPackageReference "firebase-ios-sdk" */,
			);
			preferredProjectObjectVersion = 77;
			productRefGroup = 43BDCD122DB24755004FD0C1 /* Products */;
			projectDirPath = "";
			projectRoot = "";
			targets = (
				43BDCD102DB24755004FD0C1 /* Eventorias */,
				438054202DB287C200BECB9D /* EventoriasTests */,
				4368E2E42E0FD97F00D414BD /* EventoriasUITests */,
			);
		};
/* End PBXProject section */

/* Begin PBXResourcesBuildPhase section */
		4368E2E32E0FD97F00D414BD /* Resources */ = {
			isa = PBXResourcesBuildPhase;
			buildActionMask = 2147483647;
			files = (
			);
			runOnlyForDeploymentPostprocessing = 0;
		};
		4380541F2DB287C200BECB9D /* Resources */ = {
			isa = PBXResourcesBuildPhase;
			buildActionMask = 2147483647;
			files = (
			);
			runOnlyForDeploymentPostprocessing = 0;
		};
		43BDCD0F2DB24755004FD0C1 /* Resources */ = {
			isa = PBXResourcesBuildPhase;
			buildActionMask = 2147483647;
			files = (
			);
			runOnlyForDeploymentPostprocessing = 0;
		};
/* End PBXResourcesBuildPhase section */

/* Begin PBXSourcesBuildPhase section */
		4368E2E12E0FD97F00D414BD /* Sources */ = {
			isa = PBXSourcesBuildPhase;
			buildActionMask = 2147483647;
			files = (
			);
			runOnlyForDeploymentPostprocessing = 0;
		};
		4380541D2DB287C200BECB9D /* Sources */ = {
			isa = PBXSourcesBuildPhase;
			buildActionMask = 2147483647;
			files = (
			);
			runOnlyForDeploymentPostprocessing = 0;
		};
		43BDCD0D2DB24755004FD0C1 /* Sources */ = {
			isa = PBXSourcesBuildPhase;
			buildActionMask = 2147483647;
			files = (
			);
			runOnlyForDeploymentPostprocessing = 0;
		};
/* End PBXSourcesBuildPhase section */

/* Begin PBXTargetDependency section */
		4368E2EC2E0FD97F00D414BD /* PBXTargetDependency */ = {
			isa = PBXTargetDependency;
			target = 43BDCD102DB24755004FD0C1 /* Eventorias */;
			targetProxy = 4368E2EB2E0FD97F00D414BD /* PBXContainerItemProxy */;
		};
		438054262DB287C200BECB9D /* PBXTargetDependency */ = {
			isa = PBXTargetDependency;
			target = 43BDCD102DB24755004FD0C1 /* Eventorias */;
			targetProxy = 438054252DB287C200BECB9D /* PBXContainerItemProxy */;
		};
/* End PBXTargetDependency section */

/* Begin XCBuildConfiguration section */
		4368E2ED2E0FD97F00D414BD /* Debug */ = {
			isa = XCBuildConfiguration;
			buildSettings = {
				CODE_SIGN_STYLE = Automatic;
				CURRENT_PROJECT_VERSION = 1;
				DEVELOPMENT_TEAM = 5F49D5L775;
				GENERATE_INFOPLIST_FILE = YES;
				IPHONEOS_DEPLOYMENT_TARGET = 18.5;
				MARKETING_VERSION = 1.0;
				PRODUCT_BUNDLE_IDENTIFIER = com.benjaminlefrancois.EventoriasUITests;
				PRODUCT_NAME = "$(TARGET_NAME)";
				SWIFT_EMIT_LOC_STRINGS = NO;
				SWIFT_VERSION = 5.0;
				TARGETED_DEVICE_FAMILY = "1,2";
				TEST_TARGET_NAME = Eventorias;
			};
			name = Debug;
		};
		4368E2EE2E0FD97F00D414BD /* Release */ = {
			isa = XCBuildConfiguration;
			buildSettings = {
				CODE_SIGN_STYLE = Automatic;
				CURRENT_PROJECT_VERSION = 1;
				DEVELOPMENT_TEAM = 5F49D5L775;
				GENERATE_INFOPLIST_FILE = YES;
				IPHONEOS_DEPLOYMENT_TARGET = 18.5;
				MARKETING_VERSION = 1.0;
				PRODUCT_BUNDLE_IDENTIFIER = com.benjaminlefrancois.EventoriasUITests;
				PRODUCT_NAME = "$(TARGET_NAME)";
				SWIFT_EMIT_LOC_STRINGS = NO;
				SWIFT_VERSION = 5.0;
				TARGETED_DEVICE_FAMILY = "1,2";
				TEST_TARGET_NAME = Eventorias;
			};
			name = Release;
		};
		438054272DB287C200BECB9D /* Debug */ = {
			isa = XCBuildConfiguration;
			buildSettings = {
				BUNDLE_LOADER = "$(TEST_HOST)";
				CODE_SIGN_STYLE = Automatic;
				CURRENT_PROJECT_VERSION = 1;
				DEVELOPMENT_TEAM = 5F49D5L775;
				GENERATE_INFOPLIST_FILE = YES;
				MARKETING_VERSION = 1.0;
				PRODUCT_BUNDLE_IDENTIFIER = com.benjaminlefrancois.EventoriasTests;
				PRODUCT_NAME = "$(TARGET_NAME)";
				SWIFT_EMIT_LOC_STRINGS = NO;
				SWIFT_VERSION = 5.0;
				TARGETED_DEVICE_FAMILY = "1,2";
				TEST_HOST = "$(BUILT_PRODUCTS_DIR)/Eventorias.app/$(BUNDLE_EXECUTABLE_FOLDER_PATH)/Eventorias";
			};
			name = Debug;
		};
		438054282DB287C200BECB9D /* Release */ = {
			isa = XCBuildConfiguration;
			buildSettings = {
				BUNDLE_LOADER = "$(TEST_HOST)";
				CODE_SIGN_STYLE = Automatic;
				CURRENT_PROJECT_VERSION = 1;
				DEVELOPMENT_TEAM = 5F49D5L775;
				GENERATE_INFOPLIST_FILE = YES;
				MARKETING_VERSION = 1.0;
				PRODUCT_BUNDLE_IDENTIFIER = com.benjaminlefrancois.EventoriasTests;
				PRODUCT_NAME = "$(TARGET_NAME)";
				SWIFT_EMIT_LOC_STRINGS = NO;
				SWIFT_VERSION = 5.0;
				TARGETED_DEVICE_FAMILY = "1,2";
				TEST_HOST = "$(BUILT_PRODUCTS_DIR)/Eventorias.app/$(BUNDLE_EXECUTABLE_FOLDER_PATH)/Eventorias";
			};
			name = Release;
		};
		43BDCD1A2DB24756004FD0C1 /* Debug */ = {
			isa = XCBuildConfiguration;
			buildSettings = {
				ALWAYS_SEARCH_USER_PATHS = NO;
				ASSETCATALOG_COMPILER_GENERATE_SWIFT_ASSET_SYMBOL_EXTENSIONS = YES;
				CLANG_ANALYZER_NONNULL = YES;
				CLANG_ANALYZER_NUMBER_OBJECT_CONVERSION = YES_AGGRESSIVE;
				CLANG_CXX_LANGUAGE_STANDARD = "gnu++20";
				CLANG_ENABLE_MODULES = YES;
				CLANG_ENABLE_OBJC_ARC = YES;
				CLANG_ENABLE_OBJC_WEAK = YES;
				CLANG_WARN_BLOCK_CAPTURE_AUTORELEASING = YES;
				CLANG_WARN_BOOL_CONVERSION = YES;
				CLANG_WARN_COMMA = YES;
				CLANG_WARN_CONSTANT_CONVERSION = YES;
				CLANG_WARN_DEPRECATED_OBJC_IMPLEMENTATIONS = YES;
				CLANG_WARN_DIRECT_OBJC_ISA_USAGE = YES_ERROR;
				CLANG_WARN_DOCUMENTATION_COMMENTS = YES;
				CLANG_WARN_EMPTY_BODY = YES;
				CLANG_WARN_ENUM_CONVERSION = YES;
				CLANG_WARN_INFINITE_RECURSION = YES;
				CLANG_WARN_INT_CONVERSION = YES;
				CLANG_WARN_NON_LITERAL_NULL_CONVERSION = YES;
				CLANG_WARN_OBJC_IMPLICIT_RETAIN_SELF = YES;
				CLANG_WARN_OBJC_LITERAL_CONVERSION = YES;
				CLANG_WARN_OBJC_ROOT_CLASS = YES_ERROR;
				CLANG_WARN_QUOTED_INCLUDE_IN_FRAMEWORK_HEADER = YES;
				CLANG_WARN_RANGE_LOOP_ANALYSIS = YES;
				CLANG_WARN_STRICT_PROTOTYPES = YES;
				CLANG_WARN_SUSPICIOUS_MOVE = YES;
				CLANG_WARN_UNGUARDED_AVAILABILITY = YES_AGGRESSIVE;
				CLANG_WARN_UNREACHABLE_CODE = YES;
				CLANG_WARN__DUPLICATE_METHOD_MATCH = YES;
				COPY_PHASE_STRIP = NO;
				DEBUG_INFORMATION_FORMAT = dwarf;
				DEVELOPMENT_TEAM = 5F49D5L775;
				ENABLE_STRICT_OBJC_MSGSEND = YES;
				ENABLE_TESTABILITY = YES;
				ENABLE_USER_SCRIPT_SANDBOXING = YES;
				GCC_C_LANGUAGE_STANDARD = gnu17;
				GCC_DYNAMIC_NO_PIC = NO;
				GCC_NO_COMMON_BLOCKS = YES;
				GCC_OPTIMIZATION_LEVEL = 0;
				GCC_PREPROCESSOR_DEFINITIONS = (
					"DEBUG=1",
					"$(inherited)",
				);
				GCC_WARN_64_TO_32_BIT_CONVERSION = YES;
				GCC_WARN_ABOUT_RETURN_TYPE = YES_ERROR;
				GCC_WARN_UNDECLARED_SELECTOR = YES;
				GCC_WARN_UNINITIALIZED_AUTOS = YES_AGGRESSIVE;
				GCC_WARN_UNUSED_FUNCTION = YES;
				GCC_WARN_UNUSED_VARIABLE = YES;
				IPHONEOS_DEPLOYMENT_TARGET = 18.4;
				LOCALIZATION_PREFERS_STRING_CATALOGS = YES;
				MTL_ENABLE_DEBUG_INFO = INCLUDE_SOURCE;
				MTL_FAST_MATH = YES;
				ONLY_ACTIVE_ARCH = YES;
				SDKROOT = iphoneos;
				SWIFT_ACTIVE_COMPILATION_CONDITIONS = "DEBUG $(inherited)";
				SWIFT_OPTIMIZATION_LEVEL = "-Onone";
			};
			name = Debug;
		};
		43BDCD1B2DB24756004FD0C1 /* Release */ = {
			isa = XCBuildConfiguration;
			buildSettings = {
				ALWAYS_SEARCH_USER_PATHS = NO;
				ASSETCATALOG_COMPILER_GENERATE_SWIFT_ASSET_SYMBOL_EXTENSIONS = YES;
				CLANG_ANALYZER_NONNULL = YES;
				CLANG_ANALYZER_NUMBER_OBJECT_CONVERSION = YES_AGGRESSIVE;
				CLANG_CXX_LANGUAGE_STANDARD = "gnu++20";
				CLANG_ENABLE_MODULES = YES;
				CLANG_ENABLE_OBJC_ARC = YES;
				CLANG_ENABLE_OBJC_WEAK = YES;
				CLANG_WARN_BLOCK_CAPTURE_AUTORELEASING = YES;
				CLANG_WARN_BOOL_CONVERSION = YES;
				CLANG_WARN_COMMA = YES;
				CLANG_WARN_CONSTANT_CONVERSION = YES;
				CLANG_WARN_DEPRECATED_OBJC_IMPLEMENTATIONS = YES;
				CLANG_WARN_DIRECT_OBJC_ISA_USAGE = YES_ERROR;
				CLANG_WARN_DOCUMENTATION_COMMENTS = YES;
				CLANG_WARN_EMPTY_BODY = YES;
				CLANG_WARN_ENUM_CONVERSION = YES;
				CLANG_WARN_INFINITE_RECURSION = YES;
				CLANG_WARN_INT_CONVERSION = YES;
				CLANG_WARN_NON_LITERAL_NULL_CONVERSION = YES;
				CLANG_WARN_OBJC_IMPLICIT_RETAIN_SELF = YES;
				CLANG_WARN_OBJC_LITERAL_CONVERSION = YES;
				CLANG_WARN_OBJC_ROOT_CLASS = YES_ERROR;
				CLANG_WARN_QUOTED_INCLUDE_IN_FRAMEWORK_HEADER = YES;
				CLANG_WARN_RANGE_LOOP_ANALYSIS = YES;
				CLANG_WARN_STRICT_PROTOTYPES = YES;
				CLANG_WARN_SUSPICIOUS_MOVE = YES;
				CLANG_WARN_UNGUARDED_AVAILABILITY = YES_AGGRESSIVE;
				CLANG_WARN_UNREACHABLE_CODE = YES;
				CLANG_WARN__DUPLICATE_METHOD_MATCH = YES;
				COPY_PHASE_STRIP = NO;
				DEBUG_INFORMATION_FORMAT = "dwarf-with-dsym";
				DEVELOPMENT_TEAM = 5F49D5L775;
				ENABLE_NS_ASSERTIONS = NO;
				ENABLE_STRICT_OBJC_MSGSEND = YES;
				ENABLE_USER_SCRIPT_SANDBOXING = YES;
				GCC_C_LANGUAGE_STANDARD = gnu17;
				GCC_NO_COMMON_BLOCKS = YES;
				GCC_WARN_64_TO_32_BIT_CONVERSION = YES;
				GCC_WARN_ABOUT_RETURN_TYPE = YES_ERROR;
				GCC_WARN_UNDECLARED_SELECTOR = YES;
				GCC_WARN_UNINITIALIZED_AUTOS = YES_AGGRESSIVE;
				GCC_WARN_UNUSED_FUNCTION = YES;
				GCC_WARN_UNUSED_VARIABLE = YES;
				IPHONEOS_DEPLOYMENT_TARGET = 18.4;
				LOCALIZATION_PREFERS_STRING_CATALOGS = YES;
				MTL_ENABLE_DEBUG_INFO = NO;
				MTL_FAST_MATH = YES;
				SDKROOT = iphoneos;
				SWIFT_COMPILATION_MODE = wholemodule;
				VALIDATE_PRODUCT = YES;
			};
			name = Release;
		};
		43BDCD1D2DB24756004FD0C1 /* Debug */ = {
			isa = XCBuildConfiguration;
			buildSettings = {
				ASSETCATALOG_COMPILER_APPICON_NAME = AppIcon;
				ASSETCATALOG_COMPILER_GLOBAL_ACCENT_COLOR_NAME = AccentColor;
				CODE_SIGN_STYLE = Automatic;
				CURRENT_PROJECT_VERSION = 1;
				DEVELOPMENT_TEAM = 5F49D5L775;
				ENABLE_PREVIEWS = YES;
				GENERATE_INFOPLIST_FILE = YES;
				INFOPLIST_FILE = Eventorias/Info.plist;
				INFOPLIST_KEY_NSCameraUsageDescription = "This app use camera to take picture of events or avatar";
				INFOPLIST_KEY_NSPhotoLibraryUsageDescription = "This app use library to take picture of events or avatar";
				INFOPLIST_KEY_UIApplicationSceneManifest_Generation = YES;
				INFOPLIST_KEY_UIApplicationSupportsIndirectInputEvents = YES;
				INFOPLIST_KEY_UISupportedInterfaceOrientations_iPad = "UIInterfaceOrientationPortrait UIInterfaceOrientationPortraitUpsideDown UIInterfaceOrientationLandscapeLeft UIInterfaceOrientationLandscapeRight";
				INFOPLIST_KEY_UISupportedInterfaceOrientations_iPhone = "UIInterfaceOrientationPortrait UIInterfaceOrientationLandscapeLeft UIInterfaceOrientationLandscapeRight";
				LD_RUNPATH_SEARCH_PATHS = (
					"$(inherited)",
					"@executable_path/Frameworks",
				);
				MARKETING_VERSION = 1.0;
				PRODUCT_BUNDLE_IDENTIFIER = com.benjaminlefrancois.Eventorias;
				PRODUCT_NAME = "$(TARGET_NAME)";
				SWIFT_EMIT_LOC_STRINGS = YES;
				SWIFT_VERSION = 5.0;
				TARGETED_DEVICE_FAMILY = "1,2";
			};
			name = Debug;
		};
		43BDCD1E2DB24756004FD0C1 /* Release */ = {
			isa = XCBuildConfiguration;
			buildSettings = {
				ASSETCATALOG_COMPILER_APPICON_NAME = AppIcon;
				ASSETCATALOG_COMPILER_GLOBAL_ACCENT_COLOR_NAME = AccentColor;
				CODE_SIGN_STYLE = Automatic;
				CURRENT_PROJECT_VERSION = 1;
				DEVELOPMENT_TEAM = 5F49D5L775;
				ENABLE_PREVIEWS = YES;
				GENERATE_INFOPLIST_FILE = YES;
				INFOPLIST_FILE = Eventorias/Info.plist;
				INFOPLIST_KEY_NSCameraUsageDescription = "This app use camera to take picture of events or avatar";
				INFOPLIST_KEY_NSPhotoLibraryUsageDescription = "This app use library to take picture of events or avatar";
				INFOPLIST_KEY_UIApplicationSceneManifest_Generation = YES;
				INFOPLIST_KEY_UIApplicationSupportsIndirectInputEvents = YES;
				INFOPLIST_KEY_UISupportedInterfaceOrientations_iPad = "UIInterfaceOrientationPortrait UIInterfaceOrientationPortraitUpsideDown UIInterfaceOrientationLandscapeLeft UIInterfaceOrientationLandscapeRight";
				INFOPLIST_KEY_UISupportedInterfaceOrientations_iPhone = "UIInterfaceOrientationPortrait UIInterfaceOrientationLandscapeLeft UIInterfaceOrientationLandscapeRight";
				LD_RUNPATH_SEARCH_PATHS = (
					"$(inherited)",
					"@executable_path/Frameworks",
				);
				MARKETING_VERSION = 1.0;
				PRODUCT_BUNDLE_IDENTIFIER = com.benjaminlefrancois.Eventorias;
				PRODUCT_NAME = "$(TARGET_NAME)";
				SWIFT_EMIT_LOC_STRINGS = YES;
				SWIFT_VERSION = 5.0;
				TARGETED_DEVICE_FAMILY = "1,2";
			};
			name = Release;
		};
/* End XCBuildConfiguration section */

/* Begin XCConfigurationList section */
		4368E2EF2E0FD97F00D414BD /* Build configuration list for PBXNativeTarget "EventoriasUITests" */ = {
			isa = XCConfigurationList;
			buildConfigurations = (
				4368E2ED2E0FD97F00D414BD /* Debug */,
				4368E2EE2E0FD97F00D414BD /* Release */,
			);
			defaultConfigurationIsVisible = 0;
			defaultConfigurationName = Release;
		};
		438054292DB287C200BECB9D /* Build configuration list for PBXNativeTarget "EventoriasTests" */ = {
			isa = XCConfigurationList;
			buildConfigurations = (
				438054272DB287C200BECB9D /* Debug */,
				438054282DB287C200BECB9D /* Release */,
			);
			defaultConfigurationIsVisible = 0;
			defaultConfigurationName = Release;
		};
		43BDCD0C2DB24755004FD0C1 /* Build configuration list for PBXProject "Eventorias" */ = {
			isa = XCConfigurationList;
			buildConfigurations = (
				43BDCD1A2DB24756004FD0C1 /* Debug */,
				43BDCD1B2DB24756004FD0C1 /* Release */,
			);
			defaultConfigurationIsVisible = 0;
			defaultConfigurationName = Release;
		};
		43BDCD1C2DB24756004FD0C1 /* Build configuration list for PBXNativeTarget "Eventorias" */ = {
			isa = XCConfigurationList;
			buildConfigurations = (
				43BDCD1D2DB24756004FD0C1 /* Debug */,
				43BDCD1E2DB24756004FD0C1 /* Release */,
			);
			defaultConfigurationIsVisible = 0;
			defaultConfigurationName = Release;
		};
/* End XCConfigurationList section */

/* Begin XCRemoteSwiftPackageReference section */
		43BDCD232DB24E29004FD0C1 /* XCRemoteSwiftPackageReference "firebase-ios-sdk" */ = {
			isa = XCRemoteSwiftPackageReference;
			repositoryURL = "https://github.com/firebase/firebase-ios-sdk";
			requirement = {
				kind = upToNextMajorVersion;
				minimumVersion = 11.11.0;
			};
		};
/* End XCRemoteSwiftPackageReference section */

/* Begin XCSwiftPackageProductDependency section */
		435B18CA2DE30A2600F3E0E6 /* FirebaseStorage */ = {
			isa = XCSwiftPackageProductDependency;
			package = 43BDCD232DB24E29004FD0C1 /* XCRemoteSwiftPackageReference "firebase-ios-sdk" */;
			productName = FirebaseStorage;
		};
		43BDCD272DB24F18004FD0C1 /* FirebaseAuth */ = {
			isa = XCSwiftPackageProductDependency;
			package = 43BDCD232DB24E29004FD0C1 /* XCRemoteSwiftPackageReference "firebase-ios-sdk" */;
			productName = FirebaseAuth;
		};
		43BDCD292DB24F18004FD0C1 /* FirebaseCore */ = {
			isa = XCSwiftPackageProductDependency;
			package = 43BDCD232DB24E29004FD0C1 /* XCRemoteSwiftPackageReference "firebase-ios-sdk" */;
			productName = FirebaseCore;
		};
		43BDCD2B2DB24F18004FD0C1 /* FirebaseFirestore */ = {
			isa = XCSwiftPackageProductDependency;
			package = 43BDCD232DB24E29004FD0C1 /* XCRemoteSwiftPackageReference "firebase-ios-sdk" */;
			productName = FirebaseFirestore;
		};
/* End XCSwiftPackageProductDependency section */
	};
	rootObject = 43BDCD092DB24755004FD0C1 /* Project object */;
}
